
Microsoft Visual Studio Solution File, Format Version 12.00
# Visual Studio Version 17
VisualStudioVersion = 17.13.35828.75 d17.13
MinimumVisualStudioVersion = 10.0.40219.1
Project("{8BC9CEB8-8B4A-11D0-8D11-00A0C91BC942}") = "project2", "project2\project2.vcxproj", "{9367AE85-9775-4F52-930E-59EB44A9B44F}"
EndProject
Global
	GlobalSection(SolutionConfigurationPlatforms) = preSolution
		Debug|x64 = Debug|x64
		Debug|x86 = Debug|x86
		Release|x64 = Release|x64
		Release|x86 = Release|x86
	EndGlobalSection
	GlobalSection(ProjectConfigurationPlatforms) = postSolution
		{9367AE85-9775-4F52-930E-59EB44A9B44F}.Debug|x64.ActiveCfg = Debug|x64
		{9367AE85-9775-4F52-930E-59EB44A9B44F}.Debug|x64.Build.0 = Debug|x64
		{9367AE85-9775-4F52-930E-59EB44A9B44F}.Debug|x86.ActiveCfg = Debug|Win32
		{9367AE85-9775-4F52-930E-59EB44A9B44F}.Debug|x86.Build.0 = Debug|Win32
		{9367AE85-9775-4F52-930E-59EB44A9B44F}.Release|x64.ActiveCfg = Release|x64
		{9367AE85-9775-4F52-930E-59EB44A9B44F}.Release|x64.Build.0 = Release|x64
		{9367AE85-9775-4F52-930E-59EB44A9B44F}.Release|x86.ActiveCfg = Release|Win32
		{9367AE85-9775-4F52-930E-59EB44A9B44F}.Release|x86.Build.0 = Release|Win32
	EndGlobalSection
	GlobalSection(SolutionProperties) = preSolution
		HideSolutionNode = FALSE
	EndGlobalSection
	GlobalSection(ExtensibilityGlobals) = postSolution
		SolutionGuid = {1CD2AE4F-AFCB-4E96-9581-1C145A240A97}
	EndGlobalSection
EndGlobal
